
Microsoft Visual Studio Solution File, Format Version 12.00
# Visual Studio Version 16
VisualStudioVersion = 16.0.31424.327
MinimumVisualStudioVersion = 10.0.40219.1
Project("{FAE04EC0-301F-11D3-BF4B-00C04F79EFBC}") = "Week7.TestCalcolatrice", "Week7.TestCalcolatrice\Week7.TestCalcolatrice.csproj", "{756E3969-8D52-49E5-8998-3CBB9295AE4A}"
EndProject
Project("{FAE04EC0-301F-11D3-BF4B-00C04F79EFBC}") = "Week7.Calcolatrice", "Week7.Calcolatrice\Week7.Calcolatrice.csproj", "{723A56C0-85E9-4944-AFAF-3C1267172911}"
EndProject
Project("{FAE04EC0-301F-11D3-BF4B-00C04F79EFBC}") = "Week7.Calcolatrice.Program", "Week7.Calcolatrice.Program\Week7.Calcolatrice.Program.csproj", "{73A84E2F-D441-414E-BE14-6BBAEE2D97C7}"
EndProject
Global
	GlobalSection(SolutionConfigurationPlatforms) = preSolution
		Debug|Any CPU = Debug|Any CPU
		Release|Any CPU = Release|Any CPU
	EndGlobalSection
	GlobalSection(ProjectConfigurationPlatforms) = postSolution
		{756E3969-8D52-49E5-8998-3CBB9295AE4A}.Debug|Any CPU.ActiveCfg = Debug|Any CPU
		{756E3969-8D52-49E5-8998-3CBB9295AE4A}.Debug|Any CPU.Build.0 = Debug|Any CPU
		{756E3969-8D52-49E5-8998-3CBB9295AE4A}.Release|Any CPU.ActiveCfg = Release|Any CPU
		{756E3969-8D52-49E5-8998-3CBB9295AE4A}.Release|Any CPU.Build.0 = Release|Any CPU
		{723A56C0-85E9-4944-AFAF-3C1267172911}.Debug|Any CPU.ActiveCfg = Debug|Any CPU
		{723A56C0-85E9-4944-AFAF-3C1267172911}.Debug|Any CPU.Build.0 = Debug|Any CPU
		{723A56C0-85E9-4944-AFAF-3C1267172911}.Release|Any CPU.ActiveCfg = Release|Any CPU
		{723A56C0-85E9-4944-AFAF-3C1267172911}.Release|Any CPU.Build.0 = Release|Any CPU
		{73A84E2F-D441-414E-BE14-6BBAEE2D97C7}.Debug|Any CPU.ActiveCfg = Debug|Any CPU
		{73A84E2F-D441-414E-BE14-6BBAEE2D97C7}.Debug|Any CPU.Build.0 = Debug|Any CPU
		{73A84E2F-D441-414E-BE14-6BBAEE2D97C7}.Release|Any CPU.ActiveCfg = Release|Any CPU
		{73A84E2F-D441-414E-BE14-6BBAEE2D97C7}.Release|Any CPU.Build.0 = Release|Any CPU
	EndGlobalSection
	GlobalSection(SolutionProperties) = preSolution
		HideSolutionNode = FALSE
	EndGlobalSection
	GlobalSection(ExtensibilityGlobals) = postSolution
		SolutionGuid = {8DF00F9C-2230-46E7-95FB-53015CBED2BD}
	EndGlobalSection
EndGlobal
